// !$*UTF8*$!
{
	archiveVersion = 1;
	classes = {
	};
	objectVersion = 56;
	objects = {

/* Begin PBXBuildFile section */
		D00EBC172E1F78FA0071C99E /* MarketDetailHeaderView.swift in Sources */ = {isa = PBXBuildFile; fileRef = D00EBC162E1F78FA0071C99E /* MarketDetailHeaderView.swift */; };
		D00EBC192E1F79840071C99E /* CoinPlaceholder.swift in Sources */ = {isa = PBXBuildFile; fileRef = D00EBC182E1F79840071C99E /* CoinPlaceholder.swift */; };
		D00EBC1B2E1F7B4E0071C99E /* MarketDetailPriceChartView.swift in Sources */ = {isa = PBXBuildFile; fileRef = D00EBC1A2E1F7B4E0071C99E /* MarketDetailPriceChartView.swift */; };
		D00EBC1D2E1F7B7C0071C99E /* MarketDetailKeyStatsView.swift in Sources */ = {isa = PBXBuildFile; fileRef = D00EBC1C2E1F7B7C0071C99E /* MarketDetailKeyStatsView.swift */; };
		D00EBC1F2E1F7BB00071C99E /* MarketDetailAboutView.swift in Sources */ = {isa = PBXBuildFile; fileRef = D00EBC1E2E1F7BB00071C99E /* MarketDetailAboutView.swift */; };
		D00EBC212E1F7C050071C99E /* MarketDetailLinksView.swift in Sources */ = {isa = PBXBuildFile; fileRef = D00EBC202E1F7C050071C99E /* MarketDetailLinksView.swift */; };
		D00EBC232E1F7E0A0071C99E /* MarketRow.swift in Sources */ = {isa = PBXBuildFile; fileRef = D00EBC222E1F7E0A0071C99E /* MarketRow.swift */; };
		D034B1202E0D89B400E2943A /* RouterPath.swift in Sources */ = {isa = PBXBuildFile; fileRef = D034B11F2E0D89B400E2943A /* RouterPath.swift */; };
		D034B1222E0D8F7C00E2943A /* AppRouter.swift in Sources */ = {isa = PBXBuildFile; fileRef = D034B1212E0D8F7C00E2943A /* AppRouter.swift */; };
		D034B1242E0D92E800E2943A /* WalletRowView.swift in Sources */ = {isa = PBXBuildFile; fileRef = D034B1232E0D92E800E2943A /* WalletRowView.swift */; };
		D034B1262E0E67F500E2943A /* WalletListViewModel.swift in Sources */ = {isa = PBXBuildFile; fileRef = D034B1252E0E67F500E2943A /* WalletListViewModel.swift */; };
		D034B1282E0E6E5900E2943A /* AddWalletView.swift in Sources */ = {isa = PBXBuildFile; fileRef = D034B1272E0E6E5900E2943A /* AddWalletView.swift */; };
		D037B2BE2E0D241700D23846 /* ChainMateApp.swift in Sources */ = {isa = PBXBuildFile; fileRef = D037B2BD2E0D241700D23846 /* ChainMateApp.swift */; };
		D037B2C22E0D241900D23846 /* Assets.xcassets in Resources */ = {isa = PBXBuildFile; fileRef = D037B2C12E0D241900D23846 /* Assets.xcassets */; };
		D037B2C52E0D241900D23846 /* Preview Assets.xcassets in Resources */ = {isa = PBXBuildFile; fileRef = D037B2C42E0D241900D23846 /* Preview Assets.xcassets */; };
		D037B2D92E0D2CA800D23846 /* ContentView.swift in Sources */ = {isa = PBXBuildFile; fileRef = D037B2D22E0D2CA700D23846 /* ContentView.swift */; };
		D037B2DA2E0D2CA800D23846 /* WalletDetailView.swift in Sources */ = {isa = PBXBuildFile; fileRef = D037B2D62E0D2CA700D23846 /* WalletDetailView.swift */; };
		D037B2DB2E0D2CA800D23846 /* WalletListView.swift in Sources */ = {isa = PBXBuildFile; fileRef = D037B2D72E0D2CA700D23846 /* WalletListView.swift */; };
		D037B2DC2E0D2CA800D23846 /* Wallet.swift in Sources */ = {isa = PBXBuildFile; fileRef = D037B2D82E0D2CA700D23846 /* Wallet.swift */; };
		D037B2DE2E0D2D0100D23846 /* ContentViewModel.swift in Sources */ = {isa = PBXBuildFile; fileRef = D037B2DD2E0D2D0100D23846 /* ContentViewModel.swift */; };
		D037B2E02E0D2D3900D23846 /* Tabs.swift in Sources */ = {isa = PBXBuildFile; fileRef = D037B2DF2E0D2D3900D23846 /* Tabs.swift */; };
		D037B2E32E0D31C500D23846 /* SettingsView.swift in Sources */ = {isa = PBXBuildFile; fileRef = D037B2E22E0D31C500D23846 /* SettingsView.swift */; };
		D0456BAD2E18102C0066DE73 /* String+ISO8601.swift in Sources */ = {isa = PBXBuildFile; fileRef = D0456BAC2E18102C0066DE73 /* String+ISO8601.swift */; };
		D0456BAF2E18EE4F0066DE73 /* ExplorerNavigator.swift in Sources */ = {isa = PBXBuildFile; fileRef = D0456BAE2E18EE4F0066DE73 /* ExplorerNavigator.swift */; };
		D0456BB12E1A398B0066DE73 /* TransactionListView.swift in Sources */ = {isa = PBXBuildFile; fileRef = D0456BB02E1A398B0066DE73 /* TransactionListView.swift */; };
		D0954F312E1A408E00FAFC6C /* TransactionRowView.swift in Sources */ = {isa = PBXBuildFile; fileRef = D0954F302E1A408E00FAFC6C /* TransactionRowView.swift */; };
		D0954F3A2E1B8A7700FAFC6C /* PortfolioChartView.swift in Sources */ = {isa = PBXBuildFile; fileRef = D0954F392E1B8A7700FAFC6C /* PortfolioChartView.swift */; };
		D0954F3C2E1B904100FAFC6C /* ChartPoint.swift in Sources */ = {isa = PBXBuildFile; fileRef = D0954F3B2E1B904100FAFC6C /* ChartPoint.swift */; };
		D0954F402E1B9CAD00FAFC6C /* WalletHeaderView.swift in Sources */ = {isa = PBXBuildFile; fileRef = D0954F3F2E1B9CAD00FAFC6C /* WalletHeaderView.swift */; };
		D0954F422E1B9FED00FAFC6C /* WalletSummaryView.swift in Sources */ = {isa = PBXBuildFile; fileRef = D0954F412E1B9FED00FAFC6C /* WalletSummaryView.swift */; };
		D0954F472E1C0AE800FAFC6C /* MarketView.swift in Sources */ = {isa = PBXBuildFile; fileRef = D0954F462E1C0AE800FAFC6C /* MarketView.swift */; };
		D0954F492E1C0AFF00FAFC6C /* MarketViewModel.swift in Sources */ = {isa = PBXBuildFile; fileRef = D0954F482E1C0AFF00FAFC6C /* MarketViewModel.swift */; };
		D0954F4B2E1C0BBD00FAFC6C /* MarketCoin.swift in Sources */ = {isa = PBXBuildFile; fileRef = D0954F4A2E1C0BBD00FAFC6C /* MarketCoin.swift */; };
		D0954F4E2E1CE8CE00FAFC6C /* Kingfisher in Frameworks */ = {isa = PBXBuildFile; productRef = D0954F4D2E1CE8CE00FAFC6C /* Kingfisher */; };
		D0954F502E1CEA0900FAFC6C /* TokenIconView.swift in Sources */ = {isa = PBXBuildFile; fileRef = D0954F4F2E1CEA0900FAFC6C /* TokenIconView.swift */; };
		D0954F562E1CF4CD00FAFC6C /* Alamofire in Frameworks */ = {isa = PBXBuildFile; productRef = D0954F552E1CF4CD00FAFC6C /* Alamofire */; };
		D0954F592E1CF53500FAFC6C /* DGCharts in Frameworks */ = {isa = PBXBuildFile; productRef = D0954F582E1CF53500FAFC6C /* DGCharts */; };
		D0954F5B2E1EA6DD00FAFC6C /* MarketDetailView.swift in Sources */ = {isa = PBXBuildFile; fileRef = D0954F5A2E1EA6DD00FAFC6C /* MarketDetailView.swift */; };
		D0954F5D2E1EA80F00FAFC6C /* MarketDetailViewModel.swift in Sources */ = {isa = PBXBuildFile; fileRef = D0954F5C2E1EA80F00FAFC6C /* MarketDetailViewModel.swift */; };
		D0E2844D2E1178F50061DCAD /* BlockchainAPI.swift in Sources */ = {isa = PBXBuildFile; fileRef = D0E2844C2E1178F50061DCAD /* BlockchainAPI.swift */; };
		D0E2844F2E117E260061DCAD /* WalletDetailViewModel.swift in Sources */ = {isa = PBXBuildFile; fileRef = D0E2844E2E117E260061DCAD /* WalletDetailViewModel.swift */; };
		D0E284522E125AC80061DCAD /* api.key in Resources */ = {isa = PBXBuildFile; fileRef = D0E284512E125AC80061DCAD /* api.key */; };
		D0E284552E12CE080061DCAD /* AlertToast in Frameworks */ = {isa = PBXBuildFile; productRef = D0E284542E12CE080061DCAD /* AlertToast */; };
		D0E2845D2E1648FF0061DCAD /* TokenFormat.swift in Sources */ = {isa = PBXBuildFile; fileRef = D0E2845C2E1648FE0061DCAD /* TokenFormat.swift */; };
/* End PBXBuildFile section */

/* Begin PBXCopyFilesBuildPhase section */
		D0954F522E1CEEDB00FAFC6C /* Embed Frameworks */ = {
			isa = PBXCopyFilesBuildPhase;
			buildActionMask = 2147483647;
			dstPath = "";
			dstSubfolderSpec = 10;
			files = (
			);
			name = "Embed Frameworks";
			runOnlyForDeploymentPostprocessing = 0;
		};
/* End PBXCopyFilesBuildPhase section */

/* Begin PBXFileReference section */
		D00EBC162E1F78FA0071C99E /* MarketDetailHeaderView.swift */ = {isa = PBXFileReference; lastKnownFileType = sourcecode.swift; path = MarketDetailHeaderView.swift; sourceTree = "<group>"; };
		D00EBC182E1F79840071C99E /* CoinPlaceholder.swift */ = {isa = PBXFileReference; lastKnownFileType = sourcecode.swift; path = CoinPlaceholder.swift; sourceTree = "<group>"; };
		D00EBC1A2E1F7B4E0071C99E /* MarketDetailPriceChartView.swift */ = {isa = PBXFileReference; lastKnownFileType = sourcecode.swift; path = MarketDetailPriceChartView.swift; sourceTree = "<group>"; };
		D00EBC1C2E1F7B7C0071C99E /* MarketDetailKeyStatsView.swift */ = {isa = PBXFileReference; lastKnownFileType = sourcecode.swift; path = MarketDetailKeyStatsView.swift; sourceTree = "<group>"; };
		D00EBC1E2E1F7BB00071C99E /* MarketDetailAboutView.swift */ = {isa = PBXFileReference; lastKnownFileType = sourcecode.swift; path = MarketDetailAboutView.swift; sourceTree = "<group>"; };
		D00EBC202E1F7C050071C99E /* MarketDetailLinksView.swift */ = {isa = PBXFileReference; lastKnownFileType = sourcecode.swift; path = MarketDetailLinksView.swift; sourceTree = "<group>"; };
		D00EBC222E1F7E0A0071C99E /* MarketRow.swift */ = {isa = PBXFileReference; lastKnownFileType = sourcecode.swift; path = MarketRow.swift; sourceTree = "<group>"; };
		D034B11F2E0D89B400E2943A /* RouterPath.swift */ = {isa = PBXFileReference; lastKnownFileType = sourcecode.swift; path = RouterPath.swift; sourceTree = "<group>"; };
		D034B1212E0D8F7C00E2943A /* AppRouter.swift */ = {isa = PBXFileReference; lastKnownFileType = sourcecode.swift; path = AppRouter.swift; sourceTree = "<group>"; };
		D034B1232E0D92E800E2943A /* WalletRowView.swift */ = {isa = PBXFileReference; lastKnownFileType = sourcecode.swift; path = WalletRowView.swift; sourceTree = "<group>"; };
		D034B1252E0E67F500E2943A /* WalletListViewModel.swift */ = {isa = PBXFileReference; lastKnownFileType = sourcecode.swift; path = WalletListViewModel.swift; sourceTree = "<group>"; };
		D034B1272E0E6E5900E2943A /* AddWalletView.swift */ = {isa = PBXFileReference; lastKnownFileType = sourcecode.swift; path = AddWalletView.swift; sourceTree = "<group>"; };
		D037B2BA2E0D241700D23846 /* ChainMate.app */ = {isa = PBXFileReference; explicitFileType = wrapper.application; includeInIndex = 0; path = ChainMate.app; sourceTree = BUILT_PRODUCTS_DIR; };
		D037B2BD2E0D241700D23846 /* ChainMateApp.swift */ = {isa = PBXFileReference; lastKnownFileType = sourcecode.swift; path = ChainMateApp.swift; sourceTree = "<group>"; };
		D037B2C12E0D241900D23846 /* Assets.xcassets */ = {isa = PBXFileReference; lastKnownFileType = folder.assetcatalog; path = Assets.xcassets; sourceTree = "<group>"; };
		D037B2C42E0D241900D23846 /* Preview Assets.xcassets */ = {isa = PBXFileReference; lastKnownFileType = folder.assetcatalog; path = "Preview Assets.xcassets"; sourceTree = "<group>"; };
		D037B2D22E0D2CA700D23846 /* ContentView.swift */ = {isa = PBXFileReference; fileEncoding = 4; lastKnownFileType = sourcecode.swift; path = ContentView.swift; sourceTree = "<group>"; };
		D037B2D62E0D2CA700D23846 /* WalletDetailView.swift */ = {isa = PBXFileReference; fileEncoding = 4; lastKnownFileType = sourcecode.swift; path = WalletDetailView.swift; sourceTree = "<group>"; };
		D037B2D72E0D2CA700D23846 /* WalletListView.swift */ = {isa = PBXFileReference; fileEncoding = 4; lastKnownFileType = sourcecode.swift; path = WalletListView.swift; sourceTree = "<group>"; };
		D037B2D82E0D2CA700D23846 /* Wallet.swift */ = {isa = PBXFileReference; fileEncoding = 4; lastKnownFileType = sourcecode.swift; path = Wallet.swift; sourceTree = "<group>"; };
		D037B2DD2E0D2D0100D23846 /* ContentViewModel.swift */ = {isa = PBXFileReference; lastKnownFileType = sourcecode.swift; path = ContentViewModel.swift; sourceTree = "<group>"; };
		D037B2DF2E0D2D3900D23846 /* Tabs.swift */ = {isa = PBXFileReference; lastKnownFileType = sourcecode.swift; path = Tabs.swift; sourceTree = "<group>"; };
		D037B2E22E0D31C500D23846 /* SettingsView.swift */ = {isa = PBXFileReference; lastKnownFileType = sourcecode.swift; path = SettingsView.swift; sourceTree = "<group>"; };
		D0456BAC2E18102C0066DE73 /* String+ISO8601.swift */ = {isa = PBXFileReference; lastKnownFileType = sourcecode.swift; path = "String+ISO8601.swift"; sourceTree = "<group>"; };
		D0456BAE2E18EE4F0066DE73 /* ExplorerNavigator.swift */ = {isa = PBXFileReference; lastKnownFileType = sourcecode.swift; path = ExplorerNavigator.swift; sourceTree = "<group>"; };
		D0456BB02E1A398B0066DE73 /* TransactionListView.swift */ = {isa = PBXFileReference; lastKnownFileType = sourcecode.swift; path = TransactionListView.swift; sourceTree = "<group>"; };
		D0954F302E1A408E00FAFC6C /* TransactionRowView.swift */ = {isa = PBXFileReference; lastKnownFileType = sourcecode.swift; path = TransactionRowView.swift; sourceTree = "<group>"; };
		D0954F392E1B8A7700FAFC6C /* PortfolioChartView.swift */ = {isa = PBXFileReference; lastKnownFileType = sourcecode.swift; path = PortfolioChartView.swift; sourceTree = "<group>"; };
		D0954F3B2E1B904100FAFC6C /* ChartPoint.swift */ = {isa = PBXFileReference; lastKnownFileType = sourcecode.swift; path = ChartPoint.swift; sourceTree = "<group>"; };
		D0954F3F2E1B9CAD00FAFC6C /* WalletHeaderView.swift */ = {isa = PBXFileReference; lastKnownFileType = sourcecode.swift; path = WalletHeaderView.swift; sourceTree = "<group>"; };
		D0954F412E1B9FED00FAFC6C /* WalletSummaryView.swift */ = {isa = PBXFileReference; lastKnownFileType = sourcecode.swift; path = WalletSummaryView.swift; sourceTree = "<group>"; };
		D0954F462E1C0AE800FAFC6C /* MarketView.swift */ = {isa = PBXFileReference; lastKnownFileType = sourcecode.swift; path = MarketView.swift; sourceTree = "<group>"; };
		D0954F482E1C0AFF00FAFC6C /* MarketViewModel.swift */ = {isa = PBXFileReference; lastKnownFileType = sourcecode.swift; path = MarketViewModel.swift; sourceTree = "<group>"; };
		D0954F4A2E1C0BBD00FAFC6C /* MarketCoin.swift */ = {isa = PBXFileReference; lastKnownFileType = sourcecode.swift; path = MarketCoin.swift; sourceTree = "<group>"; };
		D0954F4F2E1CEA0900FAFC6C /* TokenIconView.swift */ = {isa = PBXFileReference; lastKnownFileType = sourcecode.swift; path = TokenIconView.swift; sourceTree = "<group>"; };
		D0954F5A2E1EA6DD00FAFC6C /* MarketDetailView.swift */ = {isa = PBXFileReference; lastKnownFileType = sourcecode.swift; path = MarketDetailView.swift; sourceTree = "<group>"; };
		D0954F5C2E1EA80F00FAFC6C /* MarketDetailViewModel.swift */ = {isa = PBXFileReference; lastKnownFileType = sourcecode.swift; path = MarketDetailViewModel.swift; sourceTree = "<group>"; };
		D0E2844C2E1178F50061DCAD /* BlockchainAPI.swift */ = {isa = PBXFileReference; lastKnownFileType = sourcecode.swift; path = BlockchainAPI.swift; sourceTree = "<group>"; };
		D0E2844E2E117E260061DCAD /* WalletDetailViewModel.swift */ = {isa = PBXFileReference; lastKnownFileType = sourcecode.swift; path = WalletDetailViewModel.swift; sourceTree = "<group>"; };
		D0E284512E125AC80061DCAD /* api.key */ = {isa = PBXFileReference; explicitFileType = text; fileEncoding = 4; path = api.key; sourceTree = "<group>"; };
		D0E2845C2E1648FE0061DCAD /* TokenFormat.swift */ = {isa = PBXFileReference; lastKnownFileType = sourcecode.swift; path = TokenFormat.swift; sourceTree = "<group>"; };
/* End PBXFileReference section */

/* Begin PBXFrameworksBuildPhase section */
		D037B2B72E0D241700D23846 /* Frameworks */ = {
			isa = PBXFrameworksBuildPhase;
			buildActionMask = 2147483647;
			files = (
				D0954F592E1CF53500FAFC6C /* DGCharts in Frameworks */,
				D0954F562E1CF4CD00FAFC6C /* Alamofire in Frameworks */,
				D0954F4E2E1CE8CE00FAFC6C /* Kingfisher in Frameworks */,
				D0E284552E12CE080061DCAD /* AlertToast in Frameworks */,
			);
			runOnlyForDeploymentPostprocessing = 0;
		};
/* End PBXFrameworksBuildPhase section */

/* Begin PBXGroup section */
		D037B2B12E0D241700D23846 = {
			isa = PBXGroup;
			children = (
				D037B2BC2E0D241700D23846 /* ChainMate */,
				D037B2BB2E0D241700D23846 /* Products */,
			);
			sourceTree = "<group>";
		};
		D037B2BB2E0D241700D23846 /* Products */ = {
			isa = PBXGroup;
			children = (
				D037B2BA2E0D241700D23846 /* ChainMate.app */,
			);
			name = Products;
			sourceTree = "<group>";
		};
		D037B2BC2E0D241700D23846 /* ChainMate */ = {
			isa = PBXGroup;
			children = (
				D0E2845B2E1648E00061DCAD /* Extensions */,
				D0E284502E125AC80061DCAD /* Resources */,
				D037B2D12E0D2CA700D23846 /* App */,
				D037B2D32E0D2CA700D23846 /* Common */,
				D037B2D42E0D2CA700D23846 /* Moudles */,
				D037B2BD2E0D241700D23846 /* ChainMateApp.swift */,
				D037B2C12E0D241900D23846 /* Assets.xcassets */,
				D037B2C32E0D241900D23846 /* Preview Content */,
			);
			path = ChainMate;
			sourceTree = "<group>";
		};
		D037B2C32E0D241900D23846 /* Preview Content */ = {
			isa = PBXGroup;
			children = (
				D037B2C42E0D241900D23846 /* Preview Assets.xcassets */,
			);
			path = "Preview Content";
			sourceTree = "<group>";
		};
		D037B2D12E0D2CA700D23846 /* App */ = {
			isa = PBXGroup;
			children = (
				D037B2D22E0D2CA700D23846 /* ContentView.swift */,
				D037B2DD2E0D2D0100D23846 /* ContentViewModel.swift */,
				D037B2DF2E0D2D3900D23846 /* Tabs.swift */,
			);
			path = App;
			sourceTree = "<group>";
		};
		D037B2D32E0D2CA700D23846 /* Common */ = {
			isa = PBXGroup;
			children = (
				D034B11F2E0D89B400E2943A /* RouterPath.swift */,
				D034B1212E0D8F7C00E2943A /* AppRouter.swift */,
				D0E2844C2E1178F50061DCAD /* BlockchainAPI.swift */,
				D0456BAE2E18EE4F0066DE73 /* ExplorerNavigator.swift */,
			);
			path = Common;
			sourceTree = "<group>";
		};
		D037B2D42E0D2CA700D23846 /* Moudles */ = {
			isa = PBXGroup;
			children = (
				D0954F5E2E1EA8B900FAFC6C /* MarketDetail */,
				D0954F452E1C0AD600FAFC6C /* Market */,
				D0954F2F2E1A406500FAFC6C /* Transaction */,
				D037B2E12E0D31AC00D23846 /* Settings */,
				D037B2D52E0D2CA700D23846 /* Wallets */,
			);
			path = Moudles;
			sourceTree = "<group>";
		};
		D037B2D52E0D2CA700D23846 /* Wallets */ = {
			isa = PBXGroup;
			children = (
				D037B2D62E0D2CA700D23846 /* WalletDetailView.swift */,
				D037B2D72E0D2CA700D23846 /* WalletListView.swift */,
				D037B2D82E0D2CA700D23846 /* Wallet.swift */,
				D034B1232E0D92E800E2943A /* WalletRowView.swift */,
				D034B1252E0E67F500E2943A /* WalletListViewModel.swift */,
				D034B1272E0E6E5900E2943A /* AddWalletView.swift */,
				D0E2844E2E117E260061DCAD /* WalletDetailViewModel.swift */,
				D0954F392E1B8A7700FAFC6C /* PortfolioChartView.swift */,
				D0954F3B2E1B904100FAFC6C /* ChartPoint.swift */,
				D0954F3F2E1B9CAD00FAFC6C /* WalletHeaderView.swift */,
				D0954F412E1B9FED00FAFC6C /* WalletSummaryView.swift */,
			);
			path = Wallets;
			sourceTree = "<group>";
		};
		D037B2E12E0D31AC00D23846 /* Settings */ = {
			isa = PBXGroup;
			children = (
				D037B2E22E0D31C500D23846 /* SettingsView.swift */,
			);
			path = Settings;
			sourceTree = "<group>";
		};
		D0954F2F2E1A406500FAFC6C /* Transaction */ = {
			isa = PBXGroup;
			children = (
				D0456BB02E1A398B0066DE73 /* TransactionListView.swift */,
				D0954F302E1A408E00FAFC6C /* TransactionRowView.swift */,
			);
			path = Transaction;
			sourceTree = "<group>";
		};
		D0954F452E1C0AD600FAFC6C /* Market */ = {
			isa = PBXGroup;
			children = (
				D0954F462E1C0AE800FAFC6C /* MarketView.swift */,
				D0954F482E1C0AFF00FAFC6C /* MarketViewModel.swift */,
				D0954F4A2E1C0BBD00FAFC6C /* MarketCoin.swift */,
				D0954F4F2E1CEA0900FAFC6C /* TokenIconView.swift */,
				D00EBC222E1F7E0A0071C99E /* MarketRow.swift */,
			);
			path = Market;
			sourceTree = "<group>";
		};
		D0954F5E2E1EA8B900FAFC6C /* MarketDetail */ = {
			isa = PBXGroup;
			children = (
				D0954F5A2E1EA6DD00FAFC6C /* MarketDetailView.swift */,
				D0954F5C2E1EA80F00FAFC6C /* MarketDetailViewModel.swift */,
				D00EBC162E1F78FA0071C99E /* MarketDetailHeaderView.swift */,
				D00EBC182E1F79840071C99E /* CoinPlaceholder.swift */,
				D00EBC1A2E1F7B4E0071C99E /* MarketDetailPriceChartView.swift */,
				D00EBC1C2E1F7B7C0071C99E /* MarketDetailKeyStatsView.swift */,
				D00EBC1E2E1F7BB00071C99E /* MarketDetailAboutView.swift */,
				D00EBC202E1F7C050071C99E /* MarketDetailLinksView.swift */,
			);
			path = MarketDetail;
			sourceTree = "<group>";
		};
		D0E284502E125AC80061DCAD /* Resources */ = {
			isa = PBXGroup;
			children = (
				D0E284512E125AC80061DCAD /* api.key */,
			);
			path = Resources;
			sourceTree = "<group>";
		};
		D0E2845B2E1648E00061DCAD /* Extensions */ = {
			isa = PBXGroup;
			children = (
				D0E2845C2E1648FE0061DCAD /* TokenFormat.swift */,
				D0456BAC2E18102C0066DE73 /* String+ISO8601.swift */,
			);
			path = Extensions;
			sourceTree = "<group>";
		};
/* End PBXGroup section */

/* Begin PBXNativeTarget section */
		D037B2B92E0D241700D23846 /* ChainMate */ = {
			isa = PBXNativeTarget;
			buildConfigurationList = D037B2C82E0D241900D23846 /* Build configuration list for PBXNativeTarget "ChainMate" */;
			buildPhases = (
				D037B2B62E0D241700D23846 /* Sources */,
				D037B2B72E0D241700D23846 /* Frameworks */,
				D037B2B82E0D241700D23846 /* Resources */,
				D0954F522E1CEEDB00FAFC6C /* Embed Frameworks */,
			);
			buildRules = (
			);
			dependencies = (
			);
			name = ChainMate;
			packageProductDependencies = (
				D0E284542E12CE080061DCAD /* AlertToast */,
				D0954F4D2E1CE8CE00FAFC6C /* Kingfisher */,
				D0954F552E1CF4CD00FAFC6C /* Alamofire */,
				D0954F582E1CF53500FAFC6C /* DGCharts */,
			);
			productName = ChainMate;
			productReference = D037B2BA2E0D241700D23846 /* ChainMate.app */;
			productType = "com.apple.product-type.application";
		};
/* End PBXNativeTarget section */

/* Begin PBXProject section */
		D037B2B22E0D241700D23846 /* Project object */ = {
			isa = PBXProject;
			attributes = {
				BuildIndependentTargetsInParallel = 1;
				LastSwiftUpdateCheck = 1510;
				LastUpgradeCheck = 1510;
				TargetAttributes = {
					D037B2B92E0D241700D23846 = {
						CreatedOnToolsVersion = 15.1;
					};
				};
			};
			buildConfigurationList = D037B2B52E0D241700D23846 /* Build configuration list for PBXProject "ChainMate" */;
			compatibilityVersion = "Xcode 14.0";
			developmentRegion = en;
			hasScannedForEncodings = 0;
			knownRegions = (
				en,
				Base,
			);
			mainGroup = D037B2B12E0D241700D23846;
			packageReferences = (
				D0E284532E12CE080061DCAD /* XCRemoteSwiftPackageReference "AlertToast" */,
				D0954F4C2E1CE8CE00FAFC6C /* XCRemoteSwiftPackageReference "Kingfisher" */,
				D0954F542E1CF4CD00FAFC6C /* XCRemoteSwiftPackageReference "Alamofire" */,
				D0954F572E1CF53500FAFC6C /* XCRemoteSwiftPackageReference "Charts" */,
			);
			productRefGroup = D037B2BB2E0D241700D23846 /* Products */;
			projectDirPath = "";
			projectRoot = "";
			targets = (
				D037B2B92E0D241700D23846 /* ChainMate */,
			);
		};
/* End PBXProject section */

/* Begin PBXResourcesBuildPhase section */
		D037B2B82E0D241700D23846 /* Resources */ = {
			isa = PBXResourcesBuildPhase;
			buildActionMask = 2147483647;
			files = (
				D0E284522E125AC80061DCAD /* api.key in Resources */,
				D037B2C52E0D241900D23846 /* Preview Assets.xcassets in Resources */,
				D037B2C22E0D241900D23846 /* Assets.xcassets in Resources */,
			);
			runOnlyForDeploymentPostprocessing = 0;
		};
/* End PBXResourcesBuildPhase section */

/* Begin PBXSourcesBuildPhase section */
		D037B2B62E0D241700D23846 /* Sources */ = {
			isa = PBXSourcesBuildPhase;
			buildActionMask = 2147483647;
			files = (
				D0E2844D2E1178F50061DCAD /* BlockchainAPI.swift in Sources */,
				D0E2844F2E117E260061DCAD /* WalletDetailViewModel.swift in Sources */,
				D034B1242E0D92E800E2943A /* WalletRowView.swift in Sources */,
				D037B2E02E0D2D3900D23846 /* Tabs.swift in Sources */,
				D0954F422E1B9FED00FAFC6C /* WalletSummaryView.swift in Sources */,
				D00EBC212E1F7C050071C99E /* MarketDetailLinksView.swift in Sources */,
				D0954F3A2E1B8A7700FAFC6C /* PortfolioChartView.swift in Sources */,
				D0954F472E1C0AE800FAFC6C /* MarketView.swift in Sources */,
				D037B2E32E0D31C500D23846 /* SettingsView.swift in Sources */,
				D037B2DC2E0D2CA800D23846 /* Wallet.swift in Sources */,
				D00EBC172E1F78FA0071C99E /* MarketDetailHeaderView.swift in Sources */,
				D0E2845D2E1648FF0061DCAD /* TokenFormat.swift in Sources */,
				D037B2D92E0D2CA800D23846 /* ContentView.swift in Sources */,
				D0954F5D2E1EA80F00FAFC6C /* MarketDetailViewModel.swift in Sources */,
				D034B1262E0E67F500E2943A /* WalletListViewModel.swift in Sources */,
				D0456BAD2E18102C0066DE73 /* String+ISO8601.swift in Sources */,
				D0456BAF2E18EE4F0066DE73 /* ExplorerNavigator.swift in Sources */,
				D037B2DE2E0D2D0100D23846 /* ContentViewModel.swift in Sources */,
				D0954F312E1A408E00FAFC6C /* TransactionRowView.swift in Sources */,
				D037B2BE2E0D241700D23846 /* ChainMateApp.swift in Sources */,
				D034B1202E0D89B400E2943A /* RouterPath.swift in Sources */,
				D0954F492E1C0AFF00FAFC6C /* MarketViewModel.swift in Sources */,
				D00EBC232E1F7E0A0071C99E /* MarketRow.swift in Sources */,
				D0954F502E1CEA0900FAFC6C /* TokenIconView.swift in Sources */,
				D037B2DA2E0D2CA800D23846 /* WalletDetailView.swift in Sources */,
				D0954F3C2E1B904100FAFC6C /* ChartPoint.swift in Sources */,
				D0456BB12E1A398B0066DE73 /* TransactionListView.swift in Sources */,
				D00EBC1B2E1F7B4E0071C99E /* MarketDetailPriceChartView.swift in Sources */,
				D0954F5B2E1EA6DD00FAFC6C /* MarketDetailView.swift in Sources */,
				D00EBC1D2E1F7B7C0071C99E /* MarketDetailKeyStatsView.swift in Sources */,
				D034B1222E0D8F7C00E2943A /* AppRouter.swift in Sources */,
				D00EBC1F2E1F7BB00071C99E /* MarketDetailAboutView.swift in Sources */,
				D037B2DB2E0D2CA800D23846 /* WalletListView.swift in Sources */,
				D00EBC192E1F79840071C99E /* CoinPlaceholder.swift in Sources */,
				D0954F4B2E1C0BBD00FAFC6C /* MarketCoin.swift in Sources */,
				D0954F402E1B9CAD00FAFC6C /* WalletHeaderView.swift in Sources */,
				D034B1282E0E6E5900E2943A /* AddWalletView.swift in Sources */,
			);
			runOnlyForDeploymentPostprocessing = 0;
		};
/* End PBXSourcesBuildPhase section */

/* Begin XCBuildConfiguration section */
		D037B2C62E0D241900D23846 /* Debug */ = {
			isa = XCBuildConfiguration;
			buildSettings = {
				ALWAYS_SEARCH_USER_PATHS = NO;
				ASSETCATALOG_COMPILER_GENERATE_SWIFT_ASSET_SYMBOL_EXTENSIONS = YES;
				CLANG_ANALYZER_NONNULL = YES;
				CLANG_ANALYZER_NUMBER_OBJECT_CONVERSION = YES_AGGRESSIVE;
				CLANG_CXX_LANGUAGE_STANDARD = "gnu++20";
				CLANG_ENABLE_MODULES = YES;
				CLANG_ENABLE_OBJC_ARC = YES;
				CLANG_ENABLE_OBJC_WEAK = YES;
				CLANG_WARN_BLOCK_CAPTURE_AUTORELEASING = YES;
				CLANG_WARN_BOOL_CONVERSION = YES;
				CLANG_WARN_COMMA = YES;
				CLANG_WARN_CONSTANT_CONVERSION = YES;
				CLANG_WARN_DEPRECATED_OBJC_IMPLEMENTATIONS = YES;
				CLANG_WARN_DIRECT_OBJC_ISA_USAGE = YES_ERROR;
				CLANG_WARN_DOCUMENTATION_COMMENTS = YES;
				CLANG_WARN_EMPTY_BODY = YES;
				CLANG_WARN_ENUM_CONVERSION = YES;
				CLANG_WARN_INFINITE_RECURSION = YES;
				CLANG_WARN_INT_CONVERSION = YES;
				CLANG_WARN_NON_LITERAL_NULL_CONVERSION = YES;
				CLANG_WARN_OBJC_IMPLICIT_RETAIN_SELF = YES;
				CLANG_WARN_OBJC_LITERAL_CONVERSION = YES;
				CLANG_WARN_OBJC_ROOT_CLASS = YES_ERROR;
				CLANG_WARN_QUOTED_INCLUDE_IN_FRAMEWORK_HEADER = YES;
				CLANG_WARN_RANGE_LOOP_ANALYSIS = YES;
				CLANG_WARN_STRICT_PROTOTYPES = YES;
				CLANG_WARN_SUSPICIOUS_MOVE = YES;
				CLANG_WARN_UNGUARDED_AVAILABILITY = YES_AGGRESSIVE;
				CLANG_WARN_UNREACHABLE_CODE = YES;
				CLANG_WARN__DUPLICATE_METHOD_MATCH = YES;
				COPY_PHASE_STRIP = NO;
				DEBUG_INFORMATION_FORMAT = dwarf;
				ENABLE_STRICT_OBJC_MSGSEND = YES;
				ENABLE_TESTABILITY = YES;
				ENABLE_USER_SCRIPT_SANDBOXING = YES;
				GCC_C_LANGUAGE_STANDARD = gnu17;
				GCC_DYNAMIC_NO_PIC = NO;
				GCC_NO_COMMON_BLOCKS = YES;
				GCC_OPTIMIZATION_LEVEL = 0;
				GCC_PREPROCESSOR_DEFINITIONS = (
					"DEBUG=1",
					"$(inherited)",
				);
				GCC_WARN_64_TO_32_BIT_CONVERSION = YES;
				GCC_WARN_ABOUT_RETURN_TYPE = YES_ERROR;
				GCC_WARN_UNDECLARED_SELECTOR = YES;
				GCC_WARN_UNINITIALIZED_AUTOS = YES_AGGRESSIVE;
				GCC_WARN_UNUSED_FUNCTION = YES;
				GCC_WARN_UNUSED_VARIABLE = YES;
				IPHONEOS_DEPLOYMENT_TARGET = 17.2;
				LOCALIZATION_PREFERS_STRING_CATALOGS = YES;
				MTL_ENABLE_DEBUG_INFO = INCLUDE_SOURCE;
				MTL_FAST_MATH = YES;
				ONLY_ACTIVE_ARCH = YES;
				SDKROOT = iphoneos;
				SWIFT_ACTIVE_COMPILATION_CONDITIONS = "DEBUG $(inherited)";
				SWIFT_OPTIMIZATION_LEVEL = "-Onone";
			};
			name = Debug;
		};
		D037B2C72E0D241900D23846 /* Release */ = {
			isa = XCBuildConfiguration;
			buildSettings = {
				ALWAYS_SEARCH_USER_PATHS = NO;
				ASSETCATALOG_COMPILER_GENERATE_SWIFT_ASSET_SYMBOL_EXTENSIONS = YES;
				CLANG_ANALYZER_NONNULL = YES;
				CLANG_ANALYZER_NUMBER_OBJECT_CONVERSION = YES_AGGRESSIVE;
				CLANG_CXX_LANGUAGE_STANDARD = "gnu++20";
				CLANG_ENABLE_MODULES = YES;
				CLANG_ENABLE_OBJC_ARC = YES;
				CLANG_ENABLE_OBJC_WEAK = YES;
				CLANG_WARN_BLOCK_CAPTURE_AUTORELEASING = YES;
				CLANG_WARN_BOOL_CONVERSION = YES;
				CLANG_WARN_COMMA = YES;
				CLANG_WARN_CONSTANT_CONVERSION = YES;
				CLANG_WARN_DEPRECATED_OBJC_IMPLEMENTATIONS = YES;
				CLANG_WARN_DIRECT_OBJC_ISA_USAGE = YES_ERROR;
				CLANG_WARN_DOCUMENTATION_COMMENTS = YES;
				CLANG_WARN_EMPTY_BODY = YES;
				CLANG_WARN_ENUM_CONVERSION = YES;
				CLANG_WARN_INFINITE_RECURSION = YES;
				CLANG_WARN_INT_CONVERSION = YES;
				CLANG_WARN_NON_LITERAL_NULL_CONVERSION = YES;
				CLANG_WARN_OBJC_IMPLICIT_RETAIN_SELF = YES;
				CLANG_WARN_OBJC_LITERAL_CONVERSION = YES;
				CLANG_WARN_OBJC_ROOT_CLASS = YES_ERROR;
				CLANG_WARN_QUOTED_INCLUDE_IN_FRAMEWORK_HEADER = YES;
				CLANG_WARN_RANGE_LOOP_ANALYSIS = YES;
				CLANG_WARN_STRICT_PROTOTYPES = YES;
				CLANG_WARN_SUSPICIOUS_MOVE = YES;
				CLANG_WARN_UNGUARDED_AVAILABILITY = YES_AGGRESSIVE;
				CLANG_WARN_UNREACHABLE_CODE = YES;
				CLANG_WARN__DUPLICATE_METHOD_MATCH = YES;
				COPY_PHASE_STRIP = NO;
				DEBUG_INFORMATION_FORMAT = "dwarf-with-dsym";
				ENABLE_NS_ASSERTIONS = NO;
				ENABLE_STRICT_OBJC_MSGSEND = YES;
				ENABLE_USER_SCRIPT_SANDBOXING = YES;
				GCC_C_LANGUAGE_STANDARD = gnu17;
				GCC_NO_COMMON_BLOCKS = YES;
				GCC_WARN_64_TO_32_BIT_CONVERSION = YES;
				GCC_WARN_ABOUT_RETURN_TYPE = YES_ERROR;
				GCC_WARN_UNDECLARED_SELECTOR = YES;
				GCC_WARN_UNINITIALIZED_AUTOS = YES_AGGRESSIVE;
				GCC_WARN_UNUSED_FUNCTION = YES;
				GCC_WARN_UNUSED_VARIABLE = YES;
				IPHONEOS_DEPLOYMENT_TARGET = 17.2;
				LOCALIZATION_PREFERS_STRING_CATALOGS = YES;
				MTL_ENABLE_DEBUG_INFO = NO;
				MTL_FAST_MATH = YES;
				SDKROOT = iphoneos;
				SWIFT_COMPILATION_MODE = wholemodule;
				VALIDATE_PRODUCT = YES;
			};
			name = Release;
		};
		D037B2C92E0D241900D23846 /* Debug */ = {
			isa = XCBuildConfiguration;
			buildSettings = {
				ASSETCATALOG_COMPILER_APPICON_NAME = AppIcon;
				ASSETCATALOG_COMPILER_GLOBAL_ACCENT_COLOR_NAME = AccentColor;
				CODE_SIGN_IDENTITY = "Apple Development";
				CODE_SIGN_STYLE = Automatic;
				CURRENT_PROJECT_VERSION = 1;
				DEVELOPMENT_ASSET_PATHS = "\"ChainMate/Preview Content\"";
				DEVELOPMENT_TEAM = NKW67GFDHM;
				ENABLE_PREVIEWS = YES;
				ENABLE_USER_SCRIPT_SANDBOXING = YES;
				GENERATE_INFOPLIST_FILE = YES;
				INFOPLIST_KEY_UIApplicationSceneManifest_Generation = YES;
				INFOPLIST_KEY_UIApplicationSupportsIndirectInputEvents = YES;
				INFOPLIST_KEY_UILaunchScreen_Generation = YES;
				INFOPLIST_KEY_UISupportedInterfaceOrientations_iPad = "UIInterfaceOrientationPortrait UIInterfaceOrientationPortraitUpsideDown UIInterfaceOrientationLandscapeLeft UIInterfaceOrientationLandscapeRight";
				INFOPLIST_KEY_UISupportedInterfaceOrientations_iPhone = "UIInterfaceOrientationPortrait UIInterfaceOrientationLandscapeLeft UIInterfaceOrientationLandscapeRight";
				LD_RUNPATH_SEARCH_PATHS = (
					"$(inherited)",
					"@executable_path/Frameworks",
				);
				MARKETING_VERSION = 1.0;
				PRODUCT_BUNDLE_IDENTIFIER = com.objc.ChainMate;
				PRODUCT_NAME = "$(TARGET_NAME)";
				PROVISIONING_PROFILE_SPECIFIER = "";
				SKIP_INSTALL = NO;
				SWIFT_EMIT_LOC_STRINGS = YES;
				SWIFT_VERSION = 5.0;
				TARGETED_DEVICE_FAMILY = "1,2";
			};
			name = Debug;
		};
		D037B2CA2E0D241900D23846 /* Release */ = {
			isa = XCBuildConfiguration;
			buildSettings = {
				ASSETCATALOG_COMPILER_APPICON_NAME = AppIcon;
				ASSETCATALOG_COMPILER_GLOBAL_ACCENT_COLOR_NAME = AccentColor;
				CODE_SIGN_IDENTITY = "Apple Development";
				CODE_SIGN_STYLE = Automatic;
				CURRENT_PROJECT_VERSION = 1;
				DEVELOPMENT_ASSET_PATHS = "\"ChainMate/Preview Content\"";
				DEVELOPMENT_TEAM = NKW67GFDHM;
				ENABLE_PREVIEWS = YES;
				ENABLE_USER_SCRIPT_SANDBOXING = YES;
				GENERATE_INFOPLIST_FILE = YES;
				INFOPLIST_KEY_UIApplicationSceneManifest_Generation = YES;
				INFOPLIST_KEY_UIApplicationSupportsIndirectInputEvents = YES;
				INFOPLIST_KEY_UILaunchScreen_Generation = YES;
				INFOPLIST_KEY_UISupportedInterfaceOrientations_iPad = "UIInterfaceOrientationPortrait UIInterfaceOrientationPortraitUpsideDown UIInterfaceOrientationLandscapeLeft UIInterfaceOrientationLandscapeRight";
				INFOPLIST_KEY_UISupportedInterfaceOrientations_iPhone = "UIInterfaceOrientationPortrait UIInterfaceOrientationLandscapeLeft UIInterfaceOrientationLandscapeRight";
				LD_RUNPATH_SEARCH_PATHS = (
					"$(inherited)",
					"@executable_path/Frameworks",
				);
				MARKETING_VERSION = 1.0;
				PRODUCT_BUNDLE_IDENTIFIER = com.objc.ChainMate;
				PRODUCT_NAME = "$(TARGET_NAME)";
				PROVISIONING_PROFILE_SPECIFIER = "";
				SKIP_INSTALL = NO;
				SWIFT_EMIT_LOC_STRINGS = YES;
				SWIFT_VERSION = 5.0;
				TARGETED_DEVICE_FAMILY = "1,2";
			};
			name = Release;
		};
/* End XCBuildConfiguration section */

/* Begin XCConfigurationList section */
		D037B2B52E0D241700D23846 /* Build configuration list for PBXProject "ChainMate" */ = {
			isa = XCConfigurationList;
			buildConfigurations = (
				D037B2C62E0D241900D23846 /* Debug */,
				D037B2C72E0D241900D23846 /* Release */,
			);
			defaultConfigurationIsVisible = 0;
			defaultConfigurationName = Release;
		};
		D037B2C82E0D241900D23846 /* Build configuration list for PBXNativeTarget "ChainMate" */ = {
			isa = XCConfigurationList;
			buildConfigurations = (
				D037B2C92E0D241900D23846 /* Debug */,
				D037B2CA2E0D241900D23846 /* Release */,
			);
			defaultConfigurationIsVisible = 0;
			defaultConfigurationName = Release;
		};
/* End XCConfigurationList section */

/* Begin XCRemoteSwiftPackageReference section */
		D0954F4C2E1CE8CE00FAFC6C /* XCRemoteSwiftPackageReference "Kingfisher" */ = {
			isa = XCRemoteSwiftPackageReference;
			repositoryURL = "https://github.com/onevcat/Kingfisher";
			requirement = {
				kind = upToNextMajorVersion;
				minimumVersion = 8.4.0;
			};
		};
		D0954F542E1CF4CD00FAFC6C /* XCRemoteSwiftPackageReference "Alamofire" */ = {
			isa = XCRemoteSwiftPackageReference;
			repositoryURL = "https://github.com/Alamofire/Alamofire.git";
			requirement = {
				kind = upToNextMajorVersion;
				minimumVersion = 5.10.2;
			};
		};
		D0954F572E1CF53500FAFC6C /* XCRemoteSwiftPackageReference "Charts" */ = {
			isa = XCRemoteSwiftPackageReference;
			repositoryURL = "https://github.com/danielgindi/Charts";
			requirement = {
				kind = upToNextMajorVersion;
				minimumVersion = 5.1.0;
			};
		};
		D0E284532E12CE080061DCAD /* XCRemoteSwiftPackageReference "AlertToast" */ = {
			isa = XCRemoteSwiftPackageReference;
			repositoryURL = "https://github.com/elai950/AlertToast.git";
			requirement = {
				kind = upToNextMajorVersion;
				minimumVersion = 1.3.9;
			};
		};
/* End XCRemoteSwiftPackageReference section */

/* Begin XCSwiftPackageProductDependency section */
		D0954F4D2E1CE8CE00FAFC6C /* Kingfisher */ = {
			isa = XCSwiftPackageProductDependency;
			package = D0954F4C2E1CE8CE00FAFC6C /* XCRemoteSwiftPackageReference "Kingfisher" */;
			productName = Kingfisher;
		};
		D0954F552E1CF4CD00FAFC6C /* Alamofire */ = {
			isa = XCSwiftPackageProductDependency;
			package = D0954F542E1CF4CD00FAFC6C /* XCRemoteSwiftPackageReference "Alamofire" */;
			productName = Alamofire;
		};
		D0954F582E1CF53500FAFC6C /* DGCharts */ = {
			isa = XCSwiftPackageProductDependency;
			package = D0954F572E1CF53500FAFC6C /* XCRemoteSwiftPackageReference "Charts" */;
			productName = DGCharts;
		};
		D0E284542E12CE080061DCAD /* AlertToast */ = {
			isa = XCSwiftPackageProductDependency;
			package = D0E284532E12CE080061DCAD /* XCRemoteSwiftPackageReference "AlertToast" */;
			productName = AlertToast;
		};
/* End XCSwiftPackageProductDependency section */
	};
	rootObject = D037B2B22E0D241700D23846 /* Project object */;
}
