// !$*UTF8*$!
{
	archiveVersion = 1;
	classes = {
	};
	objectVersion = 56;
	objects = {

/* Begin PBXBuildFile section */
		D034B1202E0D89B400E2943A /* RouterPath.swift in Sources */ = {isa = PBXBuildFile; fileRef = D034B11F2E0D89B400E2943A /* RouterPath.swift */; };
		D034B1222E0D8F7C00E2943A /* AppRouter.swift in Sources */ = {isa = PBXBuildFile; fileRef = D034B1212E0D8F7C00E2943A /* AppRouter.swift */; };
		D034B1242E0D92E800E2943A /* WalletRowView.swift in Sources */ = {isa = PBXBuildFile; fileRef = D034B1232E0D92E800E2943A /* WalletRowView.swift */; };
		D034B1262E0E67F500E2943A /* WalletListViewModel.swift in Sources */ = {isa = PBXBuildFile; fileRef = D034B1252E0E67F500E2943A /* WalletListViewModel.swift */; };
		D034B1282E0E6E5900E2943A /* AddWalletView.swift in Sources */ = {isa = PBXBuildFile; fileRef = D034B1272E0E6E5900E2943A /* AddWalletView.swift */; };
		D037B2BE2E0D241700D23846 /* ChainMateApp.swift in Sources */ = {isa = PBXBuildFile; fileRef = D037B2BD2E0D241700D23846 /* ChainMateApp.swift */; };
		D037B2C22E0D241900D23846 /* Assets.xcassets in Resources */ = {isa = PBXBuildFile; fileRef = D037B2C12E0D241900D23846 /* Assets.xcassets */; };
		D037B2C52E0D241900D23846 /* Preview Assets.xcassets in Resources */ = {isa = PBXBuildFile; fileRef = D037B2C42E0D241900D23846 /* Preview Assets.xcassets */; };
		D037B2D92E0D2CA800D23846 /* ContentView.swift in Sources */ = {isa = PBXBuildFile; fileRef = D037B2D22E0D2CA700D23846 /* ContentView.swift */; };
		D037B2DA2E0D2CA800D23846 /* WalletDetailView.swift in Sources */ = {isa = PBXBuildFile; fileRef = D037B2D62E0D2CA700D23846 /* WalletDetailView.swift */; };
		D037B2DB2E0D2CA800D23846 /* WalletListView.swift in Sources */ = {isa = PBXBuildFile; fileRef = D037B2D72E0D2CA700D23846 /* WalletListView.swift */; };
		D037B2DC2E0D2CA800D23846 /* Wallet.swift in Sources */ = {isa = PBXBuildFile; fileRef = D037B2D82E0D2CA700D23846 /* Wallet.swift */; };
		D037B2DE2E0D2D0100D23846 /* ContentViewModel.swift in Sources */ = {isa = PBXBuildFile; fileRef = D037B2DD2E0D2D0100D23846 /* ContentViewModel.swift */; };
		D037B2E02E0D2D3900D23846 /* Tabs.swift in Sources */ = {isa = PBXBuildFile; fileRef = D037B2DF2E0D2D3900D23846 /* Tabs.swift */; };
		D037B2E32E0D31C500D23846 /* SettingsView.swift in Sources */ = {isa = PBXBuildFile; fileRef = D037B2E22E0D31C500D23846 /* SettingsView.swift */; };
		D0456BAD2E18102C0066DE73 /* String+ISO8601.swift in Sources */ = {isa = PBXBuildFile; fileRef = D0456BAC2E18102C0066DE73 /* String+ISO8601.swift */; };
		D0456BAF2E18EE4F0066DE73 /* ExplorerNavigator.swift in Sources */ = {isa = PBXBuildFile; fileRef = D0456BAE2E18EE4F0066DE73 /* ExplorerNavigator.swift */; };
		D0E2844D2E1178F50061DCAD /* BlockchainAPI.swift in Sources */ = {isa = PBXBuildFile; fileRef = D0E2844C2E1178F50061DCAD /* BlockchainAPI.swift */; };
		D0E2844F2E117E260061DCAD /* WalletDetailViewModel.swift in Sources */ = {isa = PBXBuildFile; fileRef = D0E2844E2E117E260061DCAD /* WalletDetailViewModel.swift */; };
		D0E284522E125AC80061DCAD /* api.key in Resources */ = {isa = PBXBuildFile; fileRef = D0E284512E125AC80061DCAD /* api.key */; };
		D0E284552E12CE080061DCAD /* AlertToast in Frameworks */ = {isa = PBXBuildFile; productRef = D0E284542E12CE080061DCAD /* AlertToast */; };
		D0E284582E14FD430061DCAD /* Alamofire in Frameworks */ = {isa = PBXBuildFile; productRef = D0E284572E14FD430061DCAD /* Alamofire */; };
		D0E2845A2E14FD430061DCAD /* AlamofireDynamic in Frameworks */ = {isa = PBXBuildFile; productRef = D0E284592E14FD430061DCAD /* AlamofireDynamic */; };
		D0E2845D2E1648FF0061DCAD /* TokenFormat.swift in Sources */ = {isa = PBXBuildFile; fileRef = D0E2845C2E1648FE0061DCAD /* TokenFormat.swift */; };
/* End PBXBuildFile section */

/* Begin PBXFileReference section */
		D034B11F2E0D89B400E2943A /* RouterPath.swift */ = {isa = PBXFileReference; lastKnownFileType = sourcecode.swift; path = RouterPath.swift; sourceTree = "<group>"; };
		D034B1212E0D8F7C00E2943A /* AppRouter.swift */ = {isa = PBXFileReference; lastKnownFileType = sourcecode.swift; path = AppRouter.swift; sourceTree = "<group>"; };
		D034B1232E0D92E800E2943A /* WalletRowView.swift */ = {isa = PBXFileReference; lastKnownFileType = sourcecode.swift; path = WalletRowView.swift; sourceTree = "<group>"; };
		D034B1252E0E67F500E2943A /* WalletListViewModel.swift */ = {isa = PBXFileReference; lastKnownFileType = sourcecode.swift; path = WalletListViewModel.swift; sourceTree = "<group>"; };
		D034B1272E0E6E5900E2943A /* AddWalletView.swift */ = {isa = PBXFileReference; lastKnownFileType = sourcecode.swift; path = AddWalletView.swift; sourceTree = "<group>"; };
		D037B2BA2E0D241700D23846 /* ChainMate.app */ = {isa = PBXFileReference; explicitFileType = wrapper.application; includeInIndex = 0; path = ChainMate.app; sourceTree = BUILT_PRODUCTS_DIR; };
		D037B2BD2E0D241700D23846 /* ChainMateApp.swift */ = {isa = PBXFileReference; lastKnownFileType = sourcecode.swift; path = ChainMateApp.swift; sourceTree = "<group>"; };
		D037B2C12E0D241900D23846 /* Assets.xcassets */ = {isa = PBXFileReference; lastKnownFileType = folder.assetcatalog; path = Assets.xcassets; sourceTree = "<group>"; };
		D037B2C42E0D241900D23846 /* Preview Assets.xcassets */ = {isa = PBXFileReference; lastKnownFileType = folder.assetcatalog; path = "Preview Assets.xcassets"; sourceTree = "<group>"; };
		D037B2D22E0D2CA700D23846 /* ContentView.swift */ = {isa = PBXFileReference; fileEncoding = 4; lastKnownFileType = sourcecode.swift; path = ContentView.swift; sourceTree = "<group>"; };
		D037B2D62E0D2CA700D23846 /* WalletDetailView.swift */ = {isa = PBXFileReference; fileEncoding = 4; lastKnownFileType = sourcecode.swift; path = WalletDetailView.swift; sourceTree = "<group>"; };
		D037B2D72E0D2CA700D23846 /* WalletListView.swift */ = {isa = PBXFileReference; fileEncoding = 4; lastKnownFileType = sourcecode.swift; path = WalletListView.swift; sourceTree = "<group>"; };
		D037B2D82E0D2CA700D23846 /* Wallet.swift */ = {isa = PBXFileReference; fileEncoding = 4; lastKnownFileType = sourcecode.swift; path = Wallet.swift; sourceTree = "<group>"; };
		D037B2DD2E0D2D0100D23846 /* ContentViewModel.swift */ = {isa = PBXFileReference; lastKnownFileType = sourcecode.swift; path = ContentViewModel.swift; sourceTree = "<group>"; };
		D037B2DF2E0D2D3900D23846 /* Tabs.swift */ = {isa = PBXFileReference; lastKnownFileType = sourcecode.swift; path = Tabs.swift; sourceTree = "<group>"; };
		D037B2E22E0D31C500D23846 /* SettingsView.swift */ = {isa = PBXFileReference; lastKnownFileType = sourcecode.swift; path = SettingsView.swift; sourceTree = "<group>"; };
		D0456BAC2E18102C0066DE73 /* String+ISO8601.swift */ = {isa = PBXFileReference; lastKnownFileType = sourcecode.swift; path = "String+ISO8601.swift"; sourceTree = "<group>"; };
		D0456BAE2E18EE4F0066DE73 /* ExplorerNavigator.swift */ = {isa = PBXFileReference; lastKnownFileType = sourcecode.swift; path = ExplorerNavigator.swift; sourceTree = "<group>"; };
		D0E2844C2E1178F50061DCAD /* BlockchainAPI.swift */ = {isa = PBXFileReference; lastKnownFileType = sourcecode.swift; path = BlockchainAPI.swift; sourceTree = "<group>"; };
		D0E2844E2E117E260061DCAD /* WalletDetailViewModel.swift */ = {isa = PBXFileReference; lastKnownFileType = sourcecode.swift; path = WalletDetailViewModel.swift; sourceTree = "<group>"; };
		D0E284512E125AC80061DCAD /* api.key */ = {isa = PBXFileReference; explicitFileType = text; fileEncoding = 4; path = api.key; sourceTree = "<group>"; };
		D0E2845C2E1648FE0061DCAD /* TokenFormat.swift */ = {isa = PBXFileReference; lastKnownFileType = sourcecode.swift; path = TokenFormat.swift; sourceTree = "<group>"; };
/* End PBXFileReference section */

/* Begin PBXFrameworksBuildPhase section */
		D037B2B72E0D241700D23846 /* Frameworks */ = {
			isa = PBXFrameworksBuildPhase;
			buildActionMask = 2147483647;
			files = (
				D0E284552E12CE080061DCAD /* AlertToast in Frameworks */,
				D0E2845A2E14FD430061DCAD /* AlamofireDynamic in Frameworks */,
				D0E284582E14FD430061DCAD /* Alamofire in Frameworks */,
			);
			runOnlyForDeploymentPostprocessing = 0;
		};
/* End PBXFrameworksBuildPhase section */

/* Begin PBXGroup section */
		D037B2B12E0D241700D23846 = {
			isa = PBXGroup;
			children = (
				D037B2BC2E0D241700D23846 /* ChainMate */,
				D037B2BB2E0D241700D23846 /* Products */,
			);
			sourceTree = "<group>";
		};
		D037B2BB2E0D241700D23846 /* Products */ = {
			isa = PBXGroup;
			children = (
				D037B2BA2E0D241700D23846 /* ChainMate.app */,
			);
			name = Products;
			sourceTree = "<group>";
		};
		D037B2BC2E0D241700D23846 /* ChainMate */ = {
			isa = PBXGroup;
			children = (
				D0E2845B2E1648E00061DCAD /* Extensions */,
				D0E284502E125AC80061DCAD /* Resources */,
				D037B2D12E0D2CA700D23846 /* App */,
				D037B2D32E0D2CA700D23846 /* Common */,
				D037B2D42E0D2CA700D23846 /* Moudles */,
				D037B2BD2E0D241700D23846 /* ChainMateApp.swift */,
				D037B2C12E0D241900D23846 /* Assets.xcassets */,
				D037B2C32E0D241900D23846 /* Preview Content */,
			);
			path = ChainMate;
			sourceTree = "<group>";
		};
		D037B2C32E0D241900D23846 /* Preview Content */ = {
			isa = PBXGroup;
			children = (
				D037B2C42E0D241900D23846 /* Preview Assets.xcassets */,
			);
			path = "Preview Content";
			sourceTree = "<group>";
		};
		D037B2D12E0D2CA700D23846 /* App */ = {
			isa = PBXGroup;
			children = (
				D037B2D22E0D2CA700D23846 /* ContentView.swift */,
				D037B2DD2E0D2D0100D23846 /* ContentViewModel.swift */,
				D037B2DF2E0D2D3900D23846 /* Tabs.swift */,
			);
			path = App;
			sourceTree = "<group>";
		};
		D037B2D32E0D2CA700D23846 /* Common */ = {
			isa = PBXGroup;
			children = (
				D034B11F2E0D89B400E2943A /* RouterPath.swift */,
				D034B1212E0D8F7C00E2943A /* AppRouter.swift */,
				D0E2844C2E1178F50061DCAD /* BlockchainAPI.swift */,
				D0456BAE2E18EE4F0066DE73 /* ExplorerNavigator.swift */,
			);
			path = Common;
			sourceTree = "<group>";
		};
		D037B2D42E0D2CA700D23846 /* Moudles */ = {
			isa = PBXGroup;
			children = (
				D037B2E12E0D31AC00D23846 /* Settings */,
				D037B2D52E0D2CA700D23846 /* Wallets */,
			);
			path = Moudles;
			sourceTree = "<group>";
		};
		D037B2D52E0D2CA700D23846 /* Wallets */ = {
			isa = PBXGroup;
			children = (
				D037B2D62E0D2CA700D23846 /* WalletDetailView.swift */,
				D037B2D72E0D2CA700D23846 /* WalletListView.swift */,
				D037B2D82E0D2CA700D23846 /* Wallet.swift */,
				D034B1232E0D92E800E2943A /* WalletRowView.swift */,
				D034B1252E0E67F500E2943A /* WalletListViewModel.swift */,
				D034B1272E0E6E5900E2943A /* AddWalletView.swift */,
				D0E2844E2E117E260061DCAD /* WalletDetailViewModel.swift */,
			);
			path = Wallets;
			sourceTree = "<group>";
		};
		D037B2E12E0D31AC00D23846 /* Settings */ = {
			isa = PBXGroup;
			children = (
				D037B2E22E0D31C500D23846 /* SettingsView.swift */,
			);
			path = Settings;
			sourceTree = "<group>";
		};
		D0E284502E125AC80061DCAD /* Resources */ = {
			isa = PBXGroup;
			children = (
				D0E284512E125AC80061DCAD /* api.key */,
			);
			path = Resources;
			sourceTree = "<group>";
		};
		D0E2845B2E1648E00061DCAD /* Extensions */ = {
			isa = PBXGroup;
			children = (
				D0E2845C2E1648FE0061DCAD /* TokenFormat.swift */,
				D0456BAC2E18102C0066DE73 /* String+ISO8601.swift */,
			);
			path = Extensions;
			sourceTree = "<group>";
		};
/* End PBXGroup section */

/* Begin PBXNativeTarget section */
		D037B2B92E0D241700D23846 /* ChainMate */ = {
			isa = PBXNativeTarget;
			buildConfigurationList = D037B2C82E0D241900D23846 /* Build configuration list for PBXNativeTarget "ChainMate" */;
			buildPhases = (
				D037B2B62E0D241700D23846 /* Sources */,
				D037B2B72E0D241700D23846 /* Frameworks */,
				D037B2B82E0D241700D23846 /* Resources */,
			);
			buildRules = (
			);
			dependencies = (
			);
			name = ChainMate;
			packageProductDependencies = (
				D0E284542E12CE080061DCAD /* AlertToast */,
				D0E284572E14FD430061DCAD /* Alamofire */,
				D0E284592E14FD430061DCAD /* AlamofireDynamic */,
			);
			productName = ChainMate;
			productReference = D037B2BA2E0D241700D23846 /* ChainMate.app */;
			productType = "com.apple.product-type.application";
		};
/* End PBXNativeTarget section */

/* Begin PBXProject section */
		D037B2B22E0D241700D23846 /* Project object */ = {
			isa = PBXProject;
			attributes = {
				BuildIndependentTargetsInParallel = 1;
				LastSwiftUpdateCheck = 1510;
				LastUpgradeCheck = 1510;
				TargetAttributes = {
					D037B2B92E0D241700D23846 = {
						CreatedOnToolsVersion = 15.1;
					};
				};
			};
			buildConfigurationList = D037B2B52E0D241700D23846 /* Build configuration list for PBXProject "ChainMate" */;
			compatibilityVersion = "Xcode 14.0";
			developmentRegion = en;
			hasScannedForEncodings = 0;
			knownRegions = (
				en,
				Base,
			);
			mainGroup = D037B2B12E0D241700D23846;
			packageReferences = (
				D0E284532E12CE080061DCAD /* XCRemoteSwiftPackageReference "AlertToast" */,
				D0E284562E14FD430061DCAD /* XCRemoteSwiftPackageReference "Alamofire" */,
			);
			productRefGroup = D037B2BB2E0D241700D23846 /* Products */;
			projectDirPath = "";
			projectRoot = "";
			targets = (
				D037B2B92E0D241700D23846 /* ChainMate */,
			);
		};
/* End PBXProject section */

/* Begin PBXResourcesBuildPhase section */
		D037B2B82E0D241700D23846 /* Resources */ = {
			isa = PBXResourcesBuildPhase;
			buildActionMask = 2147483647;
			files = (
				D0E284522E125AC80061DCAD /* api.key in Resources */,
				D037B2C52E0D241900D23846 /* Preview Assets.xcassets in Resources */,
				D037B2C22E0D241900D23846 /* Assets.xcassets in Resources */,
			);
			runOnlyForDeploymentPostprocessing = 0;
		};
/* End PBXResourcesBuildPhase section */

/* Begin PBXSourcesBuildPhase section */
		D037B2B62E0D241700D23846 /* Sources */ = {
			isa = PBXSourcesBuildPhase;
			buildActionMask = 2147483647;
			files = (
				D0E2844D2E1178F50061DCAD /* BlockchainAPI.swift in Sources */,
				D0E2844F2E117E260061DCAD /* WalletDetailViewModel.swift in Sources */,
				D034B1242E0D92E800E2943A /* WalletRowView.swift in Sources */,
				D037B2E02E0D2D3900D23846 /* Tabs.swift in Sources */,
				D037B2E32E0D31C500D23846 /* SettingsView.swift in Sources */,
				D037B2DC2E0D2CA800D23846 /* Wallet.swift in Sources */,
				D0E2845D2E1648FF0061DCAD /* TokenFormat.swift in Sources */,
				D037B2D92E0D2CA800D23846 /* ContentView.swift in Sources */,
				D034B1262E0E67F500E2943A /* WalletListViewModel.swift in Sources */,
				D0456BAD2E18102C0066DE73 /* String+ISO8601.swift in Sources */,
				D0456BAF2E18EE4F0066DE73 /* ExplorerNavigator.swift in Sources */,
				D037B2DE2E0D2D0100D23846 /* ContentViewModel.swift in Sources */,
				D037B2BE2E0D241700D23846 /* ChainMateApp.swift in Sources */,
				D034B1202E0D89B400E2943A /* RouterPath.swift in Sources */,
				D037B2DA2E0D2CA800D23846 /* WalletDetailView.swift in Sources */,
				D034B1222E0D8F7C00E2943A /* AppRouter.swift in Sources */,
				D037B2DB2E0D2CA800D23846 /* WalletListView.swift in Sources */,
				D034B1282E0E6E5900E2943A /* AddWalletView.swift in Sources */,
			);
			runOnlyForDeploymentPostprocessing = 0;
		};
/* End PBXSourcesBuildPhase section */

/* Begin XCBuildConfiguration section */
		D037B2C62E0D241900D23846 /* Debug */ = {
			isa = XCBuildConfiguration;
			buildSettings = {
				ALWAYS_SEARCH_USER_PATHS = NO;
				ASSETCATALOG_COMPILER_GENERATE_SWIFT_ASSET_SYMBOL_EXTENSIONS = YES;
				CLANG_ANALYZER_NONNULL = YES;
				CLANG_ANALYZER_NUMBER_OBJECT_CONVERSION = YES_AGGRESSIVE;
				CLANG_CXX_LANGUAGE_STANDARD = "gnu++20";
				CLANG_ENABLE_MODULES = YES;
				CLANG_ENABLE_OBJC_ARC = YES;
				CLANG_ENABLE_OBJC_WEAK = YES;
				CLANG_WARN_BLOCK_CAPTURE_AUTORELEASING = YES;
				CLANG_WARN_BOOL_CONVERSION = YES;
				CLANG_WARN_COMMA = YES;
				CLANG_WARN_CONSTANT_CONVERSION = YES;
				CLANG_WARN_DEPRECATED_OBJC_IMPLEMENTATIONS = YES;
				CLANG_WARN_DIRECT_OBJC_ISA_USAGE = YES_ERROR;
				CLANG_WARN_DOCUMENTATION_COMMENTS = YES;
				CLANG_WARN_EMPTY_BODY = YES;
				CLANG_WARN_ENUM_CONVERSION = YES;
				CLANG_WARN_INFINITE_RECURSION = YES;
				CLANG_WARN_INT_CONVERSION = YES;
				CLANG_WARN_NON_LITERAL_NULL_CONVERSION = YES;
				CLANG_WARN_OBJC_IMPLICIT_RETAIN_SELF = YES;
				CLANG_WARN_OBJC_LITERAL_CONVERSION = YES;
				CLANG_WARN_OBJC_ROOT_CLASS = YES_ERROR;
				CLANG_WARN_QUOTED_INCLUDE_IN_FRAMEWORK_HEADER = YES;
				CLANG_WARN_RANGE_LOOP_ANALYSIS = YES;
				CLANG_WARN_STRICT_PROTOTYPES = YES;
				CLANG_WARN_SUSPICIOUS_MOVE = YES;
				CLANG_WARN_UNGUARDED_AVAILABILITY = YES_AGGRESSIVE;
				CLANG_WARN_UNREACHABLE_CODE = YES;
				CLANG_WARN__DUPLICATE_METHOD_MATCH = YES;
				COPY_PHASE_STRIP = NO;
				DEBUG_INFORMATION_FORMAT = dwarf;
				ENABLE_STRICT_OBJC_MSGSEND = YES;
				ENABLE_TESTABILITY = YES;
				ENABLE_USER_SCRIPT_SANDBOXING = YES;
				GCC_C_LANGUAGE_STANDARD = gnu17;
				GCC_DYNAMIC_NO_PIC = NO;
				GCC_NO_COMMON_BLOCKS = YES;
				GCC_OPTIMIZATION_LEVEL = 0;
				GCC_PREPROCESSOR_DEFINITIONS = (
					"DEBUG=1",
					"$(inherited)",
				);
				GCC_WARN_64_TO_32_BIT_CONVERSION = YES;
				GCC_WARN_ABOUT_RETURN_TYPE = YES_ERROR;
				GCC_WARN_UNDECLARED_SELECTOR = YES;
				GCC_WARN_UNINITIALIZED_AUTOS = YES_AGGRESSIVE;
				GCC_WARN_UNUSED_FUNCTION = YES;
				GCC_WARN_UNUSED_VARIABLE = YES;
				IPHONEOS_DEPLOYMENT_TARGET = 17.2;
				LOCALIZATION_PREFERS_STRING_CATALOGS = YES;
				MTL_ENABLE_DEBUG_INFO = INCLUDE_SOURCE;
				MTL_FAST_MATH = YES;
				ONLY_ACTIVE_ARCH = YES;
				SDKROOT = iphoneos;
				SWIFT_ACTIVE_COMPILATION_CONDITIONS = "DEBUG $(inherited)";
				SWIFT_OPTIMIZATION_LEVEL = "-Onone";
			};
			name = Debug;
		};
		D037B2C72E0D241900D23846 /* Release */ = {
			isa = XCBuildConfiguration;
			buildSettings = {
				ALWAYS_SEARCH_USER_PATHS = NO;
				ASSETCATALOG_COMPILER_GENERATE_SWIFT_ASSET_SYMBOL_EXTENSIONS = YES;
				CLANG_ANALYZER_NONNULL = YES;
				CLANG_ANALYZER_NUMBER_OBJECT_CONVERSION = YES_AGGRESSIVE;
				CLANG_CXX_LANGUAGE_STANDARD = "gnu++20";
				CLANG_ENABLE_MODULES = YES;
				CLANG_ENABLE_OBJC_ARC = YES;
				CLANG_ENABLE_OBJC_WEAK = YES;
				CLANG_WARN_BLOCK_CAPTURE_AUTORELEASING = YES;
				CLANG_WARN_BOOL_CONVERSION = YES;
				CLANG_WARN_COMMA = YES;
				CLANG_WARN_CONSTANT_CONVERSION = YES;
				CLANG_WARN_DEPRECATED_OBJC_IMPLEMENTATIONS = YES;
				CLANG_WARN_DIRECT_OBJC_ISA_USAGE = YES_ERROR;
				CLANG_WARN_DOCUMENTATION_COMMENTS = YES;
				CLANG_WARN_EMPTY_BODY = YES;
				CLANG_WARN_ENUM_CONVERSION = YES;
				CLANG_WARN_INFINITE_RECURSION = YES;
				CLANG_WARN_INT_CONVERSION = YES;
				CLANG_WARN_NON_LITERAL_NULL_CONVERSION = YES;
				CLANG_WARN_OBJC_IMPLICIT_RETAIN_SELF = YES;
				CLANG_WARN_OBJC_LITERAL_CONVERSION = YES;
				CLANG_WARN_OBJC_ROOT_CLASS = YES_ERROR;
				CLANG_WARN_QUOTED_INCLUDE_IN_FRAMEWORK_HEADER = YES;
				CLANG_WARN_RANGE_LOOP_ANALYSIS = YES;
				CLANG_WARN_STRICT_PROTOTYPES = YES;
				CLANG_WARN_SUSPICIOUS_MOVE = YES;
				CLANG_WARN_UNGUARDED_AVAILABILITY = YES_AGGRESSIVE;
				CLANG_WARN_UNREACHABLE_CODE = YES;
				CLANG_WARN__DUPLICATE_METHOD_MATCH = YES;
				COPY_PHASE_STRIP = NO;
				DEBUG_INFORMATION_FORMAT = "dwarf-with-dsym";
				ENABLE_NS_ASSERTIONS = NO;
				ENABLE_STRICT_OBJC_MSGSEND = YES;
				ENABLE_USER_SCRIPT_SANDBOXING = YES;
				GCC_C_LANGUAGE_STANDARD = gnu17;
				GCC_NO_COMMON_BLOCKS = YES;
				GCC_WARN_64_TO_32_BIT_CONVERSION = YES;
				GCC_WARN_ABOUT_RETURN_TYPE = YES_ERROR;
				GCC_WARN_UNDECLARED_SELECTOR = YES;
				GCC_WARN_UNINITIALIZED_AUTOS = YES_AGGRESSIVE;
				GCC_WARN_UNUSED_FUNCTION = YES;
				GCC_WARN_UNUSED_VARIABLE = YES;
				IPHONEOS_DEPLOYMENT_TARGET = 17.2;
				LOCALIZATION_PREFERS_STRING_CATALOGS = YES;
				MTL_ENABLE_DEBUG_INFO = NO;
				MTL_FAST_MATH = YES;
				SDKROOT = iphoneos;
				SWIFT_COMPILATION_MODE = wholemodule;
				VALIDATE_PRODUCT = YES;
			};
			name = Release;
		};
		D037B2C92E0D241900D23846 /* Debug */ = {
			isa = XCBuildConfiguration;
			buildSettings = {
				ASSETCATALOG_COMPILER_APPICON_NAME = AppIcon;
				ASSETCATALOG_COMPILER_GLOBAL_ACCENT_COLOR_NAME = AccentColor;
				CODE_SIGN_STYLE = Automatic;
				CURRENT_PROJECT_VERSION = 1;
				DEVELOPMENT_ASSET_PATHS = "\"ChainMate/Preview Content\"";
				DEVELOPMENT_TEAM = NKW67GFDHM;
				ENABLE_PREVIEWS = YES;
				GENERATE_INFOPLIST_FILE = YES;
				INFOPLIST_KEY_UIApplicationSceneManifest_Generation = YES;
				INFOPLIST_KEY_UIApplicationSupportsIndirectInputEvents = YES;
				INFOPLIST_KEY_UILaunchScreen_Generation = YES;
				INFOPLIST_KEY_UISupportedInterfaceOrientations_iPad = "UIInterfaceOrientationPortrait UIInterfaceOrientationPortraitUpsideDown UIInterfaceOrientationLandscapeLeft UIInterfaceOrientationLandscapeRight";
				INFOPLIST_KEY_UISupportedInterfaceOrientations_iPhone = "UIInterfaceOrientationPortrait UIInterfaceOrientationLandscapeLeft UIInterfaceOrientationLandscapeRight";
				LD_RUNPATH_SEARCH_PATHS = (
					"$(inherited)",
					"@executable_path/Frameworks",
				);
				MARKETING_VERSION = 1.0;
				PRODUCT_BUNDLE_IDENTIFIER = com.objc.ChainMate;
				PRODUCT_NAME = "$(TARGET_NAME)";
				SWIFT_EMIT_LOC_STRINGS = YES;
				SWIFT_VERSION = 5.0;
				TARGETED_DEVICE_FAMILY = "1,2";
			};
			name = Debug;
		};
		D037B2CA2E0D241900D23846 /* Release */ = {
			isa = XCBuildConfiguration;
			buildSettings = {
				ASSETCATALOG_COMPILER_APPICON_NAME = AppIcon;
				ASSETCATALOG_COMPILER_GLOBAL_ACCENT_COLOR_NAME = AccentColor;
				CODE_SIGN_STYLE = Automatic;
				CURRENT_PROJECT_VERSION = 1;
				DEVELOPMENT_ASSET_PATHS = "\"ChainMate/Preview Content\"";
				DEVELOPMENT_TEAM = NKW67GFDHM;
				ENABLE_PREVIEWS = YES;
				GENERATE_INFOPLIST_FILE = YES;
				INFOPLIST_KEY_UIApplicationSceneManifest_Generation = YES;
				INFOPLIST_KEY_UIApplicationSupportsIndirectInputEvents = YES;
				INFOPLIST_KEY_UILaunchScreen_Generation = YES;
				INFOPLIST_KEY_UISupportedInterfaceOrientations_iPad = "UIInterfaceOrientationPortrait UIInterfaceOrientationPortraitUpsideDown UIInterfaceOrientationLandscapeLeft UIInterfaceOrientationLandscapeRight";
				INFOPLIST_KEY_UISupportedInterfaceOrientations_iPhone = "UIInterfaceOrientationPortrait UIInterfaceOrientationLandscapeLeft UIInterfaceOrientationLandscapeRight";
				LD_RUNPATH_SEARCH_PATHS = (
					"$(inherited)",
					"@executable_path/Frameworks",
				);
				MARKETING_VERSION = 1.0;
				PRODUCT_BUNDLE_IDENTIFIER = com.objc.ChainMate;
				PRODUCT_NAME = "$(TARGET_NAME)";
				SWIFT_EMIT_LOC_STRINGS = YES;
				SWIFT_VERSION = 5.0;
				TARGETED_DEVICE_FAMILY = "1,2";
			};
			name = Release;
		};
/* End XCBuildConfiguration section */

/* Begin XCConfigurationList section */
		D037B2B52E0D241700D23846 /* Build configuration list for PBXProject "ChainMate" */ = {
			isa = XCConfigurationList;
			buildConfigurations = (
				D037B2C62E0D241900D23846 /* Debug */,
				D037B2C72E0D241900D23846 /* Release */,
			);
			defaultConfigurationIsVisible = 0;
			defaultConfigurationName = Release;
		};
		D037B2C82E0D241900D23846 /* Build configuration list for PBXNativeTarget "ChainMate" */ = {
			isa = XCConfigurationList;
			buildConfigurations = (
				D037B2C92E0D241900D23846 /* Debug */,
				D037B2CA2E0D241900D23846 /* Release */,
			);
			defaultConfigurationIsVisible = 0;
			defaultConfigurationName = Release;
		};
/* End XCConfigurationList section */

/* Begin XCRemoteSwiftPackageReference section */
		D0E284532E12CE080061DCAD /* XCRemoteSwiftPackageReference "AlertToast" */ = {
			isa = XCRemoteSwiftPackageReference;
			repositoryURL = "https://github.com/elai950/AlertToast.git";
			requirement = {
				kind = upToNextMajorVersion;
				minimumVersion = 1.3.9;
			};
		};
		D0E284562E14FD430061DCAD /* XCRemoteSwiftPackageReference "Alamofire" */ = {
			isa = XCRemoteSwiftPackageReference;
			repositoryURL = "https://github.com/Alamofire/Alamofire.git";
			requirement = {
				branch = master;
				kind = branch;
			};
		};
/* End XCRemoteSwiftPackageReference section */

/* Begin XCSwiftPackageProductDependency section */
		D0E284542E12CE080061DCAD /* AlertToast */ = {
			isa = XCSwiftPackageProductDependency;
			package = D0E284532E12CE080061DCAD /* XCRemoteSwiftPackageReference "AlertToast" */;
			productName = AlertToast;
		};
		D0E284572E14FD430061DCAD /* Alamofire */ = {
			isa = XCSwiftPackageProductDependency;
			package = D0E284562E14FD430061DCAD /* XCRemoteSwiftPackageReference "Alamofire" */;
			productName = Alamofire;
		};
		D0E284592E14FD430061DCAD /* AlamofireDynamic */ = {
			isa = XCSwiftPackageProductDependency;
			package = D0E284562E14FD430061DCAD /* XCRemoteSwiftPackageReference "Alamofire" */;
			productName = AlamofireDynamic;
		};
/* End XCSwiftPackageProductDependency section */
	};
	rootObject = D037B2B22E0D241700D23846 /* Project object */;
}
